// !$*UTF8*$!
{
	archiveVersion = 1;
	classes = {
	};
	objectVersion = 50;
	objects = {

/* Begin PBXBuildFile section */
		260DA4D12601210F00817EDC /* RecipeDetailView.swift in Sources */ = {isa = PBXBuildFile; fileRef = 260DA4D02601210F00817EDC /* RecipeDetailView.swift */; };
		262080FB2652B31500E043F5 /* RecipeTabView.swift in Sources */ = {isa = PBXBuildFile; fileRef = 262080FA2652B31500E043F5 /* RecipeTabView.swift */; };
		26B6D96B2600E661000541E8 /* Recipe_List_App.swift in Sources */ = {isa = PBXBuildFile; fileRef = 26B6D96A2600E661000541E8 /* Recipe_List_App.swift */; };
		26B6D96D2600E661000541E8 /* RecipeListView.swift in Sources */ = {isa = PBXBuildFile; fileRef = 26B6D96C2600E661000541E8 /* RecipeListView.swift */; };
		26B6D96F2600E664000541E8 /* Assets.xcassets in Resources */ = {isa = PBXBuildFile; fileRef = 26B6D96E2600E664000541E8 /* Assets.xcassets */; };
		26B6D9722600E664000541E8 /* Preview Assets.xcassets in Resources */ = {isa = PBXBuildFile; fileRef = 26B6D9712600E664000541E8 /* Preview Assets.xcassets */; };
		26B6D9822600E8F1000541E8 /* recipes.json in Resources */ = {isa = PBXBuildFile; fileRef = 26B6D9812600E8F1000541E8 /* recipes.json */; };
		26B6D9852600E97A000541E8 /* Recipe.swift in Sources */ = {isa = PBXBuildFile; fileRef = 26B6D9842600E97A000541E8 /* Recipe.swift */; };
		26B6D9882600EB8C000541E8 /* RecipeModel.swift in Sources */ = {isa = PBXBuildFile; fileRef = 26B6D9872600EB8C000541E8 /* RecipeModel.swift */; };
		26B6D98C2600EE95000541E8 /* DataService.swift in Sources */ = {isa = PBXBuildFile; fileRef = 26B6D98B2600EE95000541E8 /* DataService.swift */; };
/* End PBXBuildFile section */

/* Begin PBXFileReference section */
		260DA4D02601210F00817EDC /* RecipeDetailView.swift */ = {isa = PBXFileReference; lastKnownFileType = sourcecode.swift; path = RecipeDetailView.swift; sourceTree = "<group>"; };
		262080FA2652B31500E043F5 /* RecipeTabView.swift */ = {isa = PBXFileReference; lastKnownFileType = sourcecode.swift; path = RecipeTabView.swift; sourceTree = "<group>"; };
		26B6D9672600E661000541E8 /* Recipe_List_App.app */ = {isa = PBXFileReference; explicitFileType = wrapper.application; includeInIndex = 0; path = Recipe_List_App.app; sourceTree = BUILT_PRODUCTS_DIR; };
		26B6D96A2600E661000541E8 /* Recipe_List_App.swift */ = {isa = PBXFileReference; lastKnownFileType = sourcecode.swift; path = Recipe_List_App.swift; sourceTree = "<group>"; };
		26B6D96C2600E661000541E8 /* RecipeListView.swift */ = {isa = PBXFileReference; lastKnownFileType = sourcecode.swift; path = RecipeListView.swift; sourceTree = "<group>"; };
		26B6D96E2600E664000541E8 /* Assets.xcassets */ = {isa = PBXFileReference; lastKnownFileType = folder.assetcatalog; path = Assets.xcassets; sourceTree = "<group>"; };
		26B6D9712600E664000541E8 /* Preview Assets.xcassets */ = {isa = PBXFileReference; lastKnownFileType = folder.assetcatalog; path = "Preview Assets.xcassets"; sourceTree = "<group>"; };
		26B6D9732600E664000541E8 /* Info.plist */ = {isa = PBXFileReference; lastKnownFileType = text.plist.xml; path = Info.plist; sourceTree = "<group>"; };
		26B6D9812600E8F1000541E8 /* recipes.json */ = {isa = PBXFileReference; fileEncoding = 4; lastKnownFileType = text.json; path = recipes.json; sourceTree = "<group>"; };
		26B6D9842600E97A000541E8 /* Recipe.swift */ = {isa = PBXFileReference; lastKnownFileType = sourcecode.swift; path = Recipe.swift; sourceTree = "<group>"; };
		26B6D9872600EB8C000541E8 /* RecipeModel.swift */ = {isa = PBXFileReference; lastKnownFileType = sourcecode.swift; path = RecipeModel.swift; sourceTree = "<group>"; };
		26B6D98B2600EE95000541E8 /* DataService.swift */ = {isa = PBXFileReference; lastKnownFileType = sourcecode.swift; path = DataService.swift; sourceTree = "<group>"; };
/* End PBXFileReference section */

/* Begin PBXFrameworksBuildPhase section */
		26B6D9642600E661000541E8 /* Frameworks */ = {
			isa = PBXFrameworksBuildPhase;
			buildActionMask = 2147483647;
			files = (
			);
			runOnlyForDeploymentPostprocessing = 0;
		};
/* End PBXFrameworksBuildPhase section */

/* Begin PBXGroup section */
		26B6D95E2600E661000541E8 = {
			isa = PBXGroup;
			children = (
				26B6D9692600E661000541E8 /* Recipe_List_App */,
				26B6D9682600E661000541E8 /* Products */,
			);
			sourceTree = "<group>";
		};
		26B6D9682600E661000541E8 /* Products */ = {
			isa = PBXGroup;
			children = (
				26B6D9672600E661000541E8 /* Recipe_List_App.app */,
			);
			name = Products;
			sourceTree = "<group>";
		};
		26B6D9692600E661000541E8 /* Recipe_List_App */ = {
			isa = PBXGroup;
			children = (
				26B6D96A2600E661000541E8 /* Recipe_List_App.swift */,
				26B6D97E2600E733000541E8 /* Model */,
				26B6D97D2600E72B000541E8 /* ViewsModel */,
				26B6D97B2600E71A000541E8 /* Views */,
				26B6D96E2600E664000541E8 /* Assets.xcassets */,
				26B6D9732600E664000541E8 /* Info.plist */,
				26B6D9702600E664000541E8 /* Preview Content */,
			);
			path = Recipe_List_App;
			sourceTree = "<group>";
		};
		26B6D9702600E664000541E8 /* Preview Content */ = {
			isa = PBXGroup;
			children = (
				26B6D9712600E664000541E8 /* Preview Assets.xcassets */,
			);
			path = "Preview Content";
			sourceTree = "<group>";
		};
		26B6D97B2600E71A000541E8 /* Views */ = {
			isa = PBXGroup;
			children = (
				262080FA2652B31500E043F5 /* RecipeTabView.swift */,
				260DA4D02601210F00817EDC /* RecipeDetailView.swift */,
				26B6D96C2600E661000541E8 /* RecipeListView.swift */,
				26B6D9802600E7A9000541E8 /* Services */,
				26B6D97F2600E73D000541E8 /* Data */,
			);
			path = Views;
			sourceTree = "<group>";
		};
		26B6D97D2600E72B000541E8 /* ViewsModel */ = {
			isa = PBXGroup;
			children = (
				26B6D9872600EB8C000541E8 /* RecipeModel.swift */,
			);
			path = ViewsModel;
			sourceTree = "<group>";
		};
		26B6D97E2600E733000541E8 /* Model */ = {
			isa = PBXGroup;
			children = (
				26B6D9842600E97A000541E8 /* Recipe.swift */,
			);
			path = Model;
			sourceTree = "<group>";
		};
		26B6D97F2600E73D000541E8 /* Data */ = {
			isa = PBXGroup;
			children = (
				26B6D9812600E8F1000541E8 /* recipes.json */,
			);
			path = Data;
			sourceTree = "<group>";
		};
		26B6D9802600E7A9000541E8 /* Services */ = {
			isa = PBXGroup;
			children = (
				26B6D98B2600EE95000541E8 /* DataService.swift */,
			);
			path = Services;
			sourceTree = "<group>";
		};
/* End PBXGroup section */

/* Begin PBXNativeTarget section */
		26B6D9662600E661000541E8 /* Recipe_List_App */ = {
			isa = PBXNativeTarget;
			buildConfigurationList = 26B6D9762600E664000541E8 /* Build configuration list for PBXNativeTarget "Recipe_List_App" */;
			buildPhases = (
				26B6D9632600E661000541E8 /* Sources */,
				26B6D9642600E661000541E8 /* Frameworks */,
				26B6D9652600E661000541E8 /* Resources */,
			);
			buildRules = (
			);
			dependencies = (
			);
			name = Recipe_List_App;
			productName = Recipe_List_App;
			productReference = 26B6D9672600E661000541E8 /* Recipe_List_App.app */;
			productType = "com.apple.product-type.application";
		};
/* End PBXNativeTarget section */

/* Begin PBXProject section */
		26B6D95F2600E661000541E8 /* Project object */ = {
			isa = PBXProject;
			attributes = {
				LastSwiftUpdateCheck = 1240;
				LastUpgradeCheck = 1240;
				TargetAttributes = {
					26B6D9662600E661000541E8 = {
						CreatedOnToolsVersion = 12.4;
					};
				};
			};
			buildConfigurationList = 26B6D9622600E661000541E8 /* Build configuration list for PBXProject "Recipe_List_App" */;
			compatibilityVersion = "Xcode 9.3";
			developmentRegion = en;
			hasScannedForEncodings = 0;
			knownRegions = (
				en,
				Base,
			);
			mainGroup = 26B6D95E2600E661000541E8;
			productRefGroup = 26B6D9682600E661000541E8 /* Products */;
			projectDirPath = "";
			projectRoot = "";
			targets = (
				26B6D9662600E661000541E8 /* Recipe_List_App */,
			);
		};
/* End PBXProject section */

/* Begin PBXResourcesBuildPhase section */
		26B6D9652600E661000541E8 /* Resources */ = {
			isa = PBXResourcesBuildPhase;
			buildActionMask = 2147483647;
			files = (
				26B6D9722600E664000541E8 /* Preview Assets.xcassets in Resources */,
				26B6D9822600E8F1000541E8 /* recipes.json in Resources */,
				26B6D96F2600E664000541E8 /* Assets.xcassets in Resources */,
			);
			runOnlyForDeploymentPostprocessing = 0;
		};
/* End PBXResourcesBuildPhase section */

/* Begin PBXSourcesBuildPhase section */
		26B6D9632600E661000541E8 /* Sources */ = {
			isa = PBXSourcesBuildPhase;
			buildActionMask = 2147483647;
			files = (
				26B6D9852600E97A000541E8 /* Recipe.swift in Sources */,
				260DA4D12601210F00817EDC /* RecipeDetailView.swift in Sources */,
				26B6D9882600EB8C000541E8 /* RecipeModel.swift in Sources */,
				26B6D96D2600E661000541E8 /* RecipeListView.swift in Sources */,
				26B6D96B2600E661000541E8 /* Recipe_List_App.swift in Sources */,
				26B6D98C2600EE95000541E8 /* DataService.swift in Sources */,
				262080FB2652B31500E043F5 /* RecipeTabView.swift in Sources */,
			);
			runOnlyForDeploymentPostprocessing = 0;
		};
/* End PBXSourcesBuildPhase section */

/* Begin XCBuildConfiguration section */
		26B6D9742600E664000541E8 /* Debug */ = {
			isa = XCBuildConfiguration;
			buildSettings = {
				ALWAYS_SEARCH_USER_PATHS = NO;
				CLANG_ANALYZER_NONNULL = YES;
				CLANG_ANALYZER_NUMBER_OBJECT_CONVERSION = YES_AGGRESSIVE;
				CLANG_CXX_LANGUAGE_STANDARD = "gnu++14";
				CLANG_CXX_LIBRARY = "libc++";
				CLANG_ENABLE_MODULES = YES;
				CLANG_ENABLE_OBJC_ARC = YES;
				CLANG_ENABLE_OBJC_WEAK = YES;
				CLANG_WARN_BLOCK_CAPTURE_AUTORELEASING = YES;
				CLANG_WARN_BOOL_CONVERSION = YES;
				CLANG_WARN_COMMA = YES;
				CLANG_WARN_CONSTANT_CONVERSION = YES;
				CLANG_WARN_DEPRECATED_OBJC_IMPLEMENTATIONS = YES;
				CLANG_WARN_DIRECT_OBJC_ISA_USAGE = YES_ERROR;
				CLANG_WARN_DOCUMENTATION_COMMENTS = YES;
				CLANG_WARN_EMPTY_BODY = YES;
				CLANG_WARN_ENUM_CONVERSION = YES;
				CLANG_WARN_INFINITE_RECURSION = YES;
				CLANG_WARN_INT_CONVERSION = YES;
				CLANG_WARN_NON_LITERAL_NULL_CONVERSION = YES;
				CLANG_WARN_OBJC_IMPLICIT_RETAIN_SELF = YES;
				CLANG_WARN_OBJC_LITERAL_CONVERSION = YES;
				CLANG_WARN_OBJC_ROOT_CLASS = YES_ERROR;
				CLANG_WARN_QUOTED_INCLUDE_IN_FRAMEWORK_HEADER = YES;
				CLANG_WARN_RANGE_LOOP_ANALYSIS = YES;
				CLANG_WARN_STRICT_PROTOTYPES = YES;
				CLANG_WARN_SUSPICIOUS_MOVE = YES;
				CLANG_WARN_UNGUARDED_AVAILABILITY = YES_AGGRESSIVE;
				CLANG_WARN_UNREACHABLE_CODE = YES;
				CLANG_WARN__DUPLICATE_METHOD_MATCH = YES;
				COPY_PHASE_STRIP = NO;
				DEBUG_INFORMATION_FORMAT = dwarf;
				ENABLE_STRICT_OBJC_MSGSEND = YES;
				ENABLE_TESTABILITY = YES;
				GCC_C_LANGUAGE_STANDARD = gnu11;
				GCC_DYNAMIC_NO_PIC = NO;
				GCC_NO_COMMON_BLOCKS = YES;
				GCC_OPTIMIZATION_LEVEL = 0;
				GCC_PREPROCESSOR_DEFINITIONS = (
					"DEBUG=1",
					"$(inherited)",
				);
				GCC_WARN_64_TO_32_BIT_CONVERSION = YES;
				GCC_WARN_ABOUT_RETURN_TYPE = YES_ERROR;
				GCC_WARN_UNDECLARED_SELECTOR = YES;
				GCC_WARN_UNINITIALIZED_AUTOS = YES_AGGRESSIVE;
				GCC_WARN_UNUSED_FUNCTION = YES;
				GCC_WARN_UNUSED_VARIABLE = YES;
				IPHONEOS_DEPLOYMENT_TARGET = 14.4;
				MTL_ENABLE_DEBUG_INFO = INCLUDE_SOURCE;
				MTL_FAST_MATH = YES;
				ONLY_ACTIVE_ARCH = YES;
				SDKROOT = iphoneos;
				SWIFT_ACTIVE_COMPILATION_CONDITIONS = DEBUG;
				SWIFT_OPTIMIZATION_LEVEL = "-Onone";
			};
			name = Debug;
		};
		26B6D9752600E664000541E8 /* Release */ = {
			isa = XCBuildConfiguration;
			buildSettings = {
				ALWAYS_SEARCH_USER_PATHS = NO;
				CLANG_ANALYZER_NONNULL = YES;
				CLANG_ANALYZER_NUMBER_OBJECT_CONVERSION = YES_AGGRESSIVE;
				CLANG_CXX_LANGUAGE_STANDARD = "gnu++14";
				CLANG_CXX_LIBRARY = "libc++";
				CLANG_ENABLE_MODULES = YES;
				CLANG_ENABLE_OBJC_ARC = YES;
				CLANG_ENABLE_OBJC_WEAK = YES;
				CLANG_WARN_BLOCK_CAPTURE_AUTORELEASING = YES;
				CLANG_WARN_BOOL_CONVERSION = YES;
				CLANG_WARN_COMMA = YES;
				CLANG_WARN_CONSTANT_CONVERSION = YES;
				CLANG_WARN_DEPRECATED_OBJC_IMPLEMENTATIONS = YES;
				CLANG_WARN_DIRECT_OBJC_ISA_USAGE = YES_ERROR;
				CLANG_WARN_DOCUMENTATION_COMMENTS = YES;
				CLANG_WARN_EMPTY_BODY = YES;
				CLANG_WARN_ENUM_CONVERSION = YES;
				CLANG_WARN_INFINITE_RECURSION = YES;
				CLANG_WARN_INT_CONVERSION = YES;
				CLANG_WARN_NON_LITERAL_NULL_CONVERSION = YES;
				CLANG_WARN_OBJC_IMPLICIT_RETAIN_SELF = YES;
				CLANG_WARN_OBJC_LITERAL_CONVERSION = YES;
				CLANG_WARN_OBJC_ROOT_CLASS = YES_ERROR;
				CLANG_WARN_QUOTED_INCLUDE_IN_FRAMEWORK_HEADER = YES;
				CLANG_WARN_RANGE_LOOP_ANALYSIS = YES;
				CLANG_WARN_STRICT_PROTOTYPES = YES;
				CLANG_WARN_SUSPICIOUS_MOVE = YES;
				CLANG_WARN_UNGUARDED_AVAILABILITY = YES_AGGRESSIVE;
				CLANG_WARN_UNREACHABLE_CODE = YES;
				CLANG_WARN__DUPLICATE_METHOD_MATCH = YES;
				COPY_PHASE_STRIP = NO;
				DEBUG_INFORMATION_FORMAT = "dwarf-with-dsym";
				ENABLE_NS_ASSERTIONS = NO;
				ENABLE_STRICT_OBJC_MSGSEND = YES;
				GCC_C_LANGUAGE_STANDARD = gnu11;
				GCC_NO_COMMON_BLOCKS = YES;
				GCC_WARN_64_TO_32_BIT_CONVERSION = YES;
				GCC_WARN_ABOUT_RETURN_TYPE = YES_ERROR;
				GCC_WARN_UNDECLARED_SELECTOR = YES;
				GCC_WARN_UNINITIALIZED_AUTOS = YES_AGGRESSIVE;
				GCC_WARN_UNUSED_FUNCTION = YES;
				GCC_WARN_UNUSED_VARIABLE = YES;
				IPHONEOS_DEPLOYMENT_TARGET = 14.4;
				MTL_ENABLE_DEBUG_INFO = NO;
				MTL_FAST_MATH = YES;
				SDKROOT = iphoneos;
				SWIFT_COMPILATION_MODE = wholemodule;
				SWIFT_OPTIMIZATION_LEVEL = "-O";
				VALIDATE_PRODUCT = YES;
			};
			name = Release;
		};
		26B6D9772600E664000541E8 /* Debug */ = {
			isa = XCBuildConfiguration;
			buildSettings = {
				ASSETCATALOG_COMPILER_APPICON_NAME = AppIcon;
				ASSETCATALOG_COMPILER_GLOBAL_ACCENT_COLOR_NAME = AccentColor;
				CODE_SIGN_STYLE = Automatic;
				DEVELOPMENT_ASSET_PATHS = "\"Recipe_List_App/Preview Content\"";
				DEVELOPMENT_TEAM = 6ZG9Y54V5W;
				ENABLE_PREVIEWS = YES;
				INFOPLIST_FILE = Recipe_List_App/Info.plist;
				IPHONEOS_DEPLOYMENT_TARGET = 14.0;
				LD_RUNPATH_SEARCH_PATHS = (
					"$(inherited)",
					"@executable_path/Frameworks",
				);
				PRODUCT_BUNDLE_IDENTIFIER = "CWC.Recipe-List-App";
				PRODUCT_NAME = "$(TARGET_NAME)";
				SWIFT_VERSION = 5.0;
				TARGETED_DEVICE_FAMILY = "1,2";
			};
			name = Debug;
		};
		26B6D9782600E664000541E8 /* Release */ = {
			isa = XCBuildConfiguration;
			buildSettings = {
				ASSETCATALOG_COMPILER_APPICON_NAME = AppIcon;
				ASSETCATALOG_COMPILER_GLOBAL_ACCENT_COLOR_NAME = AccentColor;
				CODE_SIGN_STYLE = Automatic;
				DEVELOPMENT_ASSET_PATHS = "\"Recipe_List_App/Preview Content\"";
				DEVELOPMENT_TEAM = 6ZG9Y54V5W;
				ENABLE_PREVIEWS = YES;
				INFOPLIST_FILE = Recipe_List_App/Info.plist;
				IPHONEOS_DEPLOYMENT_TARGET = 14.0;
				LD_RUNPATH_SEARCH_PATHS = (
					"$(inherited)",
					"@executable_path/Frameworks",
				);
				PRODUCT_BUNDLE_IDENTIFIER = "CWC.Recipe-List-App";
				PRODUCT_NAME = "$(TARGET_NAME)";
				SWIFT_VERSION = 5.0;
				TARGETED_DEVICE_FAMILY = "1,2";
			};
			name = Release;
		};
/* End XCBuildConfiguration section */

/* Begin XCConfigurationList section */
		26B6D9622600E661000541E8 /* Build configuration list for PBXProject "Recipe_List_App" */ = {
			isa = XCConfigurationList;
			buildConfigurations = (
				26B6D9742600E664000541E8 /* Debug */,
				26B6D9752600E664000541E8 /* Release */,
			);
			defaultConfigurationIsVisible = 0;
			defaultConfigurationName = Release;
		};
		26B6D9762600E664000541E8 /* Build configuration list for PBXNativeTarget "Recipe_List_App" */ = {
			isa = XCConfigurationList;
			buildConfigurations = (
				26B6D9772600E664000541E8 /* Debug */,
				26B6D9782600E664000541E8 /* Release */,
			);
			defaultConfigurationIsVisible = 0;
			defaultConfigurationName = Release;
		};
/* End XCConfigurationList section */
	};
	rootObject = 26B6D95F2600E661000541E8 /* Project object */;
}
